
Microsoft Visual Studio Solution File, Format Version 12.00
# Visual Studio Version 17
VisualStudioVersion = 17.4.33213.308
MinimumVisualStudioVersion = 10.0.40219.1
Project("{9A19103F-16F7-4668-BE54-9A1E7A4F7556}") = "Client", "ServicePassword.WASM\Client.csproj", "{D313478F-CFDB-46A7-8126-35D26BBA0829}"
EndProject
Project("{9A19103F-16F7-4668-BE54-9A1E7A4F7556}") = "ServicePassword.Core", "ServicePassword.Core\ServicePassword.Core.csproj", "{00092E43-1C30-45AC-8E5D-8B2479B0AA34}"
EndProject
Global
	GlobalSection(SolutionConfigurationPlatforms) = preSolution
		Debug|Any CPU = Debug|Any CPU
		Release|Any CPU = Release|Any CPU
	EndGlobalSection
	GlobalSection(ProjectConfigurationPlatforms) = postSolution
		{D313478F-CFDB-46A7-8126-35D26BBA0829}.Debug|Any CPU.ActiveCfg = Debug|Any CPU
		{D313478F-CFDB-46A7-8126-35D26BBA0829}.Debug|Any CPU.Build.0 = Debug|Any CPU
		{D313478F-CFDB-46A7-8126-35D26BBA0829}.Release|Any CPU.ActiveCfg = Release|Any CPU
		{D313478F-CFDB-46A7-8126-35D26BBA0829}.Release|Any CPU.Build.0 = Release|Any CPU
		{00092E43-1C30-45AC-8E5D-8B2479B0AA34}.Debug|Any CPU.ActiveCfg = Debug|Any CPU
		{00092E43-1C30-45AC-8E5D-8B2479B0AA34}.Debug|Any CPU.Build.0 = Debug|Any CPU
		{00092E43-1C30-45AC-8E5D-8B2479B0AA34}.Release|Any CPU.ActiveCfg = Release|Any CPU
		{00092E43-1C30-45AC-8E5D-8B2479B0AA34}.Release|Any CPU.Build.0 = Release|Any CPU
	EndGlobalSection
	GlobalSection(SolutionProperties) = preSolution
		HideSolutionNode = FALSE
	EndGlobalSection
	GlobalSection(ExtensibilityGlobals) = postSolution
		SolutionGuid = {5A97216F-8236-4C78-8028-1300083EFD97}
	EndGlobalSection
EndGlobal
